// !$*UTF8*$!
{
	archiveVersion = 1;
	classes = {
	};
	objectVersion = 46;
	objects = {

/* Begin PBXBuildFile section */
		0F9493879EB70F8F515A371D /* EventDetailsInteractorInput.swift in Sources */ = {isa = PBXBuildFile; fileRef = 82E159BAFCAE25005E89DE2D /* EventDetailsInteractorInput.swift */; };
		1902A8261E02A9E6004EC54D /* GithubServiceTests.swift in Sources */ = {isa = PBXBuildFile; fileRef = 1902A8251E02A9E6004EC54D /* GithubServiceTests.swift */; };
		1902A8291E02D279004EC54D /* GithubApi.swift in Sources */ = {isa = PBXBuildFile; fileRef = 1902A8281E02D279004EC54D /* GithubApi.swift */; };
		1902A82C1E03F35F004EC54D /* JSONTransforms.swift in Sources */ = {isa = PBXBuildFile; fileRef = 1902A82B1E03F35F004EC54D /* JSONTransforms.swift */; };
		192E41A61E0FFC99009E57C5 /* GithubEventCell.swift in Sources */ = {isa = PBXBuildFile; fileRef = 192E41A51E0FFC99009E57C5 /* GithubEventCell.swift */; };
		19731BB81E0066EE0074216F /* AppDelegate.swift in Sources */ = {isa = PBXBuildFile; fileRef = 19731BB71E0066EE0074216F /* AppDelegate.swift */; };
		19731BBA1E0066EE0074216F /* ViewController.swift in Sources */ = {isa = PBXBuildFile; fileRef = 19731BB91E0066EE0074216F /* ViewController.swift */; };
		19731BBD1E0066EE0074216F /* Main.storyboard in Resources */ = {isa = PBXBuildFile; fileRef = 19731BBB1E0066EE0074216F /* Main.storyboard */; };
		19731BBF1E0066EE0074216F /* Assets.xcassets in Resources */ = {isa = PBXBuildFile; fileRef = 19731BBE1E0066EE0074216F /* Assets.xcassets */; };
		19731BC21E0066EE0074216F /* LaunchScreen.storyboard in Resources */ = {isa = PBXBuildFile; fileRef = 19731BC01E0066EE0074216F /* LaunchScreen.storyboard */; };
		19731BCD1E0066EE0074216F /* ArchitectureSampleTests.swift in Sources */ = {isa = PBXBuildFile; fileRef = 19731BCC1E0066EE0074216F /* ArchitectureSampleTests.swift */; };
		19731BD81E0066EE0074216F /* ArchitectureSampleUITests.swift in Sources */ = {isa = PBXBuildFile; fileRef = 19731BD71E0066EE0074216F /* ArchitectureSampleUITests.swift */; };
		199DBF231E129F14004F72C5 /* GithubEvent.swift in Sources */ = {isa = PBXBuildFile; fileRef = 199DBF221E129F14004F72C5 /* GithubEvent.swift */; };
		199DBF261E129F63004F72C5 /* GithubService.swift in Sources */ = {isa = PBXBuildFile; fileRef = 199DBF251E129F63004F72C5 /* GithubService.swift */; };
		1A1FC00D3EB871F5D4328904 /* GithubEventsInteractorTests.swift in Sources */ = {isa = PBXBuildFile; fileRef = 3AFE4A2C37EE20E3C0E915DD /* GithubEventsInteractorTests.swift */; };
		20B1CA8D52EF867319ED4255 /* EventDetailsInteractorOutput.swift in Sources */ = {isa = PBXBuildFile; fileRef = 24B5E573C48CB16E97D4644E /* EventDetailsInteractorOutput.swift */; };
		235674D35386BE7A515FCE5D /* GithubEventsViewController.swift in Sources */ = {isa = PBXBuildFile; fileRef = 87522BBB39006E070F00A379 /* GithubEventsViewController.swift */; };
		23FCE82347C01E348E9A2D7A /* EventDetailsPresenter.swift in Sources */ = {isa = PBXBuildFile; fileRef = 21AC87374031D99FB0AFD72E /* EventDetailsPresenter.swift */; };
		2519C2156C1CF4545A25C7E0 /* GithubEventsInteractor.swift in Sources */ = {isa = PBXBuildFile; fileRef = 8EFA9744BBFEC5435BC7122D /* GithubEventsInteractor.swift */; };
		318BCDF3F63B0FCBD24EAD71 /* EventDetailsConfiguratorTests.swift in Sources */ = {isa = PBXBuildFile; fileRef = EAD6E0F247CD41679FED875F /* EventDetailsConfiguratorTests.swift */; };
		323599678AFCCA4B37EE8F57 /* EventDetailsViewController.swift in Sources */ = {isa = PBXBuildFile; fileRef = 86E89C01C2A8B8CC9AF4CCD4 /* EventDetailsViewController.swift */; };
		390D295BDB89AD2F3E2890D3 /* GithubEventsViewInput.swift in Sources */ = {isa = PBXBuildFile; fileRef = 83E926B3D69CC505EC99F21D /* GithubEventsViewInput.swift */; };
		3B444FA271FC180CBDD11F20 /* GithubEventsRouterInput.swift in Sources */ = {isa = PBXBuildFile; fileRef = 7793C94CBE3D96B4BA4BFA3C /* GithubEventsRouterInput.swift */; };
		43BEAFF78F5F7BA1859EFFB2 /* EventDetailsConfigurator.swift in Sources */ = {isa = PBXBuildFile; fileRef = 49C1D194A09197FBCBEE14D3 /* EventDetailsConfigurator.swift */; };
		4703731A32934198583ABC13 /* EventDetailsInteractor.swift in Sources */ = {isa = PBXBuildFile; fileRef = 0DBEC2CA12565CB7FBAC4494 /* EventDetailsInteractor.swift */; };
		55E1B83E282F4E46A6CC777B /* GithubEventsInteractorOutput.swift in Sources */ = {isa = PBXBuildFile; fileRef = 2A710F92A71FBC635920E473 /* GithubEventsInteractorOutput.swift */; };
		5737F57C6E04712BF2B7A3DA /* Pods_ArchitectureSample.framework in Frameworks */ = {isa = PBXBuildFile; fileRef = F2000C084605F08B9D36A795 /* Pods_ArchitectureSample.framework */; };
		677E32FDB5659ACFDE643BBC /* GithubEventsInitializer.swift in Sources */ = {isa = PBXBuildFile; fileRef = 705A3536488194A2D234A8C1 /* GithubEventsInitializer.swift */; };
		6A1E70EB95ACA593ED05B3ED /* GithubEventsRouter.swift in Sources */ = {isa = PBXBuildFile; fileRef = 36931CABE687A72DBCDFA3D8 /* GithubEventsRouter.swift */; };
		7391712F8572BB7C701C8D8A /* EventDetailsRouterInput.swift in Sources */ = {isa = PBXBuildFile; fileRef = 91758845D104CB64DDB60295 /* EventDetailsRouterInput.swift */; };
		7D6F714C9BA50B00E589C9C8 /* Pods_ArchitectureSampleTests.framework in Frameworks */ = {isa = PBXBuildFile; fileRef = B11659F1BA448C25AFF3176A /* Pods_ArchitectureSampleTests.framework */; };
		8DA0CB2A31C00AE7B764C045 /* GithubEventsViewOutput.swift in Sources */ = {isa = PBXBuildFile; fileRef = C7C4A414EB751B92CA11D43A /* GithubEventsViewOutput.swift */; };
		8E4376ACBD43C1270711D62B /* GithubEventsRouterTests.swift in Sources */ = {isa = PBXBuildFile; fileRef = 19D6C736A8F7B0130E0F15D1 /* GithubEventsRouterTests.swift */; };
		8EF65BC036BAA07D87E54B13 /* EventDetailsPresenterTests.swift in Sources */ = {isa = PBXBuildFile; fileRef = D266F2E26D1F0C784F53BF56 /* EventDetailsPresenterTests.swift */; };
		92B6D496F8BC8E73DB98C79A /* GithubEventsConfiguratorTests.swift in Sources */ = {isa = PBXBuildFile; fileRef = 492A399F4D87B66D888A8F46 /* GithubEventsConfiguratorTests.swift */; };
		9BCDA1CBF6A322E108F35F57 /* GithubEventsPresenterTests.swift in Sources */ = {isa = PBXBuildFile; fileRef = E2C003617775F06E2DFCC5EF /* GithubEventsPresenterTests.swift */; };
		A2DCAB5B13B572B423532B6D /* GithubEventsModuleInput.swift in Sources */ = {isa = PBXBuildFile; fileRef = AB94466CE12112AD442FA5C1 /* GithubEventsModuleInput.swift */; };
		AFB0FE22BD2A0D93C68ECBE0 /* EventDetailsViewOutput.swift in Sources */ = {isa = PBXBuildFile; fileRef = AE85756FC3C9FB0D83A2953E /* EventDetailsViewOutput.swift */; };
		B41E60B5CF4758DA78BB9389 /* EventDetailsRouterTests.swift in Sources */ = {isa = PBXBuildFile; fileRef = 75657FBA301FE5546708A4D9 /* EventDetailsRouterTests.swift */; };
		BB2F64C86D755E739D72A5AD /* GithubEventsPresenter.swift in Sources */ = {isa = PBXBuildFile; fileRef = E1901DC1016624B00E5CBC22 /* GithubEventsPresenter.swift */; };
		BFFA69F8BFE9D52B59C3EAA3 /* GithubEventsViewTests.swift in Sources */ = {isa = PBXBuildFile; fileRef = 0F29E9AE3EC7AF14EE96D649 /* GithubEventsViewTests.swift */; };
		C26B47A56D621479D84FB893 /* EventDetailsModuleInput.swift in Sources */ = {isa = PBXBuildFile; fileRef = B51B55FFD422CF1884AAC280 /* EventDetailsModuleInput.swift */; };
		D0FD66240F97C7294344AB3B /* Pods_ArchitectureSampleUITests.framework in Frameworks */ = {isa = PBXBuildFile; fileRef = C841D5E45996424EB6313F4A /* Pods_ArchitectureSampleUITests.framework */; };
		D253A973BD19DCD073201467 /* EventDetailsInteractorTests.swift in Sources */ = {isa = PBXBuildFile; fileRef = 19D79995FDE29BE669711B59 /* EventDetailsInteractorTests.swift */; };
		D5FD6EDDF73C62B393D16BA1 /* EventDetailsRouter.swift in Sources */ = {isa = PBXBuildFile; fileRef = 91A77D26F3D98910C4D2C01D /* EventDetailsRouter.swift */; };
		DDE813E741AA63212AA5E77B /* GithubEventsInteractorInput.swift in Sources */ = {isa = PBXBuildFile; fileRef = 263C3E0077109789B2D8BA8C /* GithubEventsInteractorInput.swift */; };
		E2653D841392BD51CFE61AA0 /* GithubEventsConfigurator.swift in Sources */ = {isa = PBXBuildFile; fileRef = B2B30350C1160289FAA6BCC7 /* GithubEventsConfigurator.swift */; };
		E4B300F228296AE179FD70A0 /* EventDetailsViewTests.swift in Sources */ = {isa = PBXBuildFile; fileRef = 81CDA6808DEB3C7B40CB73F6 /* EventDetailsViewTests.swift */; };
		E5AA37C1AA128552F5A98E22 /* EventDetailsViewInput.swift in Sources */ = {isa = PBXBuildFile; fileRef = B1B33645553A69B73E5D7EEE /* EventDetailsViewInput.swift */; };
/* End PBXBuildFile section */

/* Begin PBXContainerItemProxy section */
		19731BC91E0066EE0074216F /* PBXContainerItemProxy */ = {
			isa = PBXContainerItemProxy;
			containerPortal = 19731BAC1E0066EE0074216F /* Project object */;
			proxyType = 1;
			remoteGlobalIDString = 19731BB31E0066EE0074216F;
			remoteInfo = ArchitectureSample;
		};
		19731BD41E0066EE0074216F /* PBXContainerItemProxy */ = {
			isa = PBXContainerItemProxy;
			containerPortal = 19731BAC1E0066EE0074216F /* Project object */;
			proxyType = 1;
			remoteGlobalIDString = 19731BB31E0066EE0074216F;
			remoteInfo = ArchitectureSample;
		};
/* End PBXContainerItemProxy section */

/* Begin PBXFileReference section */
		0DBEC2CA12565CB7FBAC4494 /* EventDetailsInteractor.swift */ = {isa = PBXFileReference; includeInIndex = 1; lastKnownFileType = sourcecode.swift; path = EventDetailsInteractor.swift; sourceTree = "<group>"; };
		0F29E9AE3EC7AF14EE96D649 /* GithubEventsViewTests.swift */ = {isa = PBXFileReference; includeInIndex = 1; lastKnownFileType = sourcecode.swift; path = GithubEventsViewTests.swift; sourceTree = "<group>"; };
		1902A8251E02A9E6004EC54D /* GithubServiceTests.swift */ = {isa = PBXFileReference; fileEncoding = 4; lastKnownFileType = sourcecode.swift; name = GithubServiceTests.swift; path = Services/GithubServiceTests.swift; sourceTree = "<group>"; };
		1902A8281E02D279004EC54D /* GithubApi.swift */ = {isa = PBXFileReference; fileEncoding = 4; lastKnownFileType = sourcecode.swift; name = GithubApi.swift; path = Networking/GithubApi.swift; sourceTree = "<group>"; };
		1902A82B1E03F35F004EC54D /* JSONTransforms.swift */ = {isa = PBXFileReference; fileEncoding = 4; lastKnownFileType = sourcecode.swift; name = JSONTransforms.swift; path = Networking/JSONTransforms.swift; sourceTree = "<group>"; };
		192E41A51E0FFC99009E57C5 /* GithubEventCell.swift */ = {isa = PBXFileReference; fileEncoding = 4; lastKnownFileType = sourcecode.swift; path = GithubEventCell.swift; sourceTree = "<group>"; };
		19731BB41E0066EE0074216F /* ArchitectureSample.app */ = {isa = PBXFileReference; explicitFileType = wrapper.application; includeInIndex = 0; path = ArchitectureSample.app; sourceTree = BUILT_PRODUCTS_DIR; };
		19731BB71E0066EE0074216F /* AppDelegate.swift */ = {isa = PBXFileReference; lastKnownFileType = sourcecode.swift; path = AppDelegate.swift; sourceTree = "<group>"; };
		19731BB91E0066EE0074216F /* ViewController.swift */ = {isa = PBXFileReference; lastKnownFileType = sourcecode.swift; path = ViewController.swift; sourceTree = "<group>"; };
		19731BBC1E0066EE0074216F /* Base */ = {isa = PBXFileReference; lastKnownFileType = file.storyboard; name = Base; path = Base.lproj/Main.storyboard; sourceTree = "<group>"; };
		19731BBE1E0066EE0074216F /* Assets.xcassets */ = {isa = PBXFileReference; lastKnownFileType = folder.assetcatalog; path = Assets.xcassets; sourceTree = "<group>"; };
		19731BC11E0066EE0074216F /* Base */ = {isa = PBXFileReference; lastKnownFileType = file.storyboard; name = Base; path = Base.lproj/LaunchScreen.storyboard; sourceTree = "<group>"; };
		19731BC31E0066EE0074216F /* Info.plist */ = {isa = PBXFileReference; lastKnownFileType = text.plist.xml; path = Info.plist; sourceTree = "<group>"; };
		19731BC81E0066EE0074216F /* ArchitectureSampleTests.xctest */ = {isa = PBXFileReference; explicitFileType = wrapper.cfbundle; includeInIndex = 0; path = ArchitectureSampleTests.xctest; sourceTree = BUILT_PRODUCTS_DIR; };
		19731BCC1E0066EE0074216F /* ArchitectureSampleTests.swift */ = {isa = PBXFileReference; lastKnownFileType = sourcecode.swift; path = ArchitectureSampleTests.swift; sourceTree = "<group>"; };
		19731BCE1E0066EE0074216F /* Info.plist */ = {isa = PBXFileReference; lastKnownFileType = text.plist.xml; path = Info.plist; sourceTree = "<group>"; };
		19731BD31E0066EE0074216F /* ArchitectureSampleUITests.xctest */ = {isa = PBXFileReference; explicitFileType = wrapper.cfbundle; includeInIndex = 0; path = ArchitectureSampleUITests.xctest; sourceTree = BUILT_PRODUCTS_DIR; };
		19731BD71E0066EE0074216F /* ArchitectureSampleUITests.swift */ = {isa = PBXFileReference; lastKnownFileType = sourcecode.swift; path = ArchitectureSampleUITests.swift; sourceTree = "<group>"; };
		19731BD91E0066EE0074216F /* Info.plist */ = {isa = PBXFileReference; lastKnownFileType = text.plist.xml; path = Info.plist; sourceTree = "<group>"; };
		199DBF221E129F14004F72C5 /* GithubEvent.swift */ = {isa = PBXFileReference; fileEncoding = 4; lastKnownFileType = sourcecode.swift; name = GithubEvent.swift; path = ArchitectureSample/Classes/Services/Models/GithubEvent.swift; sourceTree = SOURCE_ROOT; };
		199DBF251E129F63004F72C5 /* GithubService.swift */ = {isa = PBXFileReference; fileEncoding = 4; lastKnownFileType = sourcecode.swift; name = GithubService.swift; path = ArchitectureSample/Classes/Services/GithubService.swift; sourceTree = SOURCE_ROOT; };
		19D6C736A8F7B0130E0F15D1 /* GithubEventsRouterTests.swift */ = {isa = PBXFileReference; includeInIndex = 1; lastKnownFileType = sourcecode.swift; path = GithubEventsRouterTests.swift; sourceTree = "<group>"; };
		19D79995FDE29BE669711B59 /* EventDetailsInteractorTests.swift */ = {isa = PBXFileReference; includeInIndex = 1; lastKnownFileType = sourcecode.swift; path = EventDetailsInteractorTests.swift; sourceTree = "<group>"; };
		21AC87374031D99FB0AFD72E /* EventDetailsPresenter.swift */ = {isa = PBXFileReference; includeInIndex = 1; lastKnownFileType = sourcecode.swift; path = EventDetailsPresenter.swift; sourceTree = "<group>"; };
		24B5E573C48CB16E97D4644E /* EventDetailsInteractorOutput.swift */ = {isa = PBXFileReference; includeInIndex = 1; lastKnownFileType = sourcecode.swift; path = EventDetailsInteractorOutput.swift; sourceTree = "<group>"; };
		263C3E0077109789B2D8BA8C /* GithubEventsInteractorInput.swift */ = {isa = PBXFileReference; includeInIndex = 1; lastKnownFileType = sourcecode.swift; path = GithubEventsInteractorInput.swift; sourceTree = "<group>"; };
		2A710F92A71FBC635920E473 /* GithubEventsInteractorOutput.swift */ = {isa = PBXFileReference; includeInIndex = 1; lastKnownFileType = sourcecode.swift; path = GithubEventsInteractorOutput.swift; sourceTree = "<group>"; };
		36931CABE687A72DBCDFA3D8 /* GithubEventsRouter.swift */ = {isa = PBXFileReference; includeInIndex = 1; lastKnownFileType = sourcecode.swift; path = GithubEventsRouter.swift; sourceTree = "<group>"; };
		3AFE4A2C37EE20E3C0E915DD /* GithubEventsInteractorTests.swift */ = {isa = PBXFileReference; includeInIndex = 1; lastKnownFileType = sourcecode.swift; path = GithubEventsInteractorTests.swift; sourceTree = "<group>"; };
		492A399F4D87B66D888A8F46 /* GithubEventsConfiguratorTests.swift */ = {isa = PBXFileReference; includeInIndex = 1; lastKnownFileType = sourcecode.swift; path = GithubEventsConfiguratorTests.swift; sourceTree = "<group>"; };
		49C1D194A09197FBCBEE14D3 /* EventDetailsConfigurator.swift */ = {isa = PBXFileReference; includeInIndex = 1; lastKnownFileType = sourcecode.swift; path = EventDetailsConfigurator.swift; sourceTree = "<group>"; };
		5CF4202016C608B6447FB5C4 /* Pods-ArchitectureSampleUITests.debug.xcconfig */ = {isa = PBXFileReference; includeInIndex = 1; lastKnownFileType = text.xcconfig; name = "Pods-ArchitectureSampleUITests.debug.xcconfig"; path = "Pods/Target Support Files/Pods-ArchitectureSampleUITests/Pods-ArchitectureSampleUITests.debug.xcconfig"; sourceTree = "<group>"; };
		705A3536488194A2D234A8C1 /* GithubEventsInitializer.swift */ = {isa = PBXFileReference; includeInIndex = 1; lastKnownFileType = sourcecode.swift; path = GithubEventsInitializer.swift; sourceTree = "<group>"; };
		75657FBA301FE5546708A4D9 /* EventDetailsRouterTests.swift */ = {isa = PBXFileReference; includeInIndex = 1; lastKnownFileType = sourcecode.swift; path = EventDetailsRouterTests.swift; sourceTree = "<group>"; };
		7793C94CBE3D96B4BA4BFA3C /* GithubEventsRouterInput.swift */ = {isa = PBXFileReference; includeInIndex = 1; lastKnownFileType = sourcecode.swift; path = GithubEventsRouterInput.swift; sourceTree = "<group>"; };
		791F340310F69C69EBFCF418 /* Pods-ArchitectureSampleTests.release.xcconfig */ = {isa = PBXFileReference; includeInIndex = 1; lastKnownFileType = text.xcconfig; name = "Pods-ArchitectureSampleTests.release.xcconfig"; path = "Pods/Target Support Files/Pods-ArchitectureSampleTests/Pods-ArchitectureSampleTests.release.xcconfig"; sourceTree = "<group>"; };
		81CDA6808DEB3C7B40CB73F6 /* EventDetailsViewTests.swift */ = {isa = PBXFileReference; includeInIndex = 1; lastKnownFileType = sourcecode.swift; path = EventDetailsViewTests.swift; sourceTree = "<group>"; };
		82E159BAFCAE25005E89DE2D /* EventDetailsInteractorInput.swift */ = {isa = PBXFileReference; includeInIndex = 1; lastKnownFileType = sourcecode.swift; path = EventDetailsInteractorInput.swift; sourceTree = "<group>"; };
		83E926B3D69CC505EC99F21D /* GithubEventsViewInput.swift */ = {isa = PBXFileReference; includeInIndex = 1; lastKnownFileType = sourcecode.swift; path = GithubEventsViewInput.swift; sourceTree = "<group>"; };
		86E89C01C2A8B8CC9AF4CCD4 /* EventDetailsViewController.swift */ = {isa = PBXFileReference; includeInIndex = 1; lastKnownFileType = sourcecode.swift; path = EventDetailsViewController.swift; sourceTree = "<group>"; };
		87522BBB39006E070F00A379 /* GithubEventsViewController.swift */ = {isa = PBXFileReference; includeInIndex = 1; lastKnownFileType = sourcecode.swift; path = GithubEventsViewController.swift; sourceTree = "<group>"; };
		880BB10F3FBC4CF1CC65171D /* Pods-ArchitectureSample.debug.xcconfig */ = {isa = PBXFileReference; includeInIndex = 1; lastKnownFileType = text.xcconfig; name = "Pods-ArchitectureSample.debug.xcconfig"; path = "Pods/Target Support Files/Pods-ArchitectureSample/Pods-ArchitectureSample.debug.xcconfig"; sourceTree = "<group>"; };
		8EFA9744BBFEC5435BC7122D /* GithubEventsInteractor.swift */ = {isa = PBXFileReference; includeInIndex = 1; lastKnownFileType = sourcecode.swift; path = GithubEventsInteractor.swift; sourceTree = "<group>"; };
		91758845D104CB64DDB60295 /* EventDetailsRouterInput.swift */ = {isa = PBXFileReference; includeInIndex = 1; lastKnownFileType = sourcecode.swift; path = EventDetailsRouterInput.swift; sourceTree = "<group>"; };
		91A77D26F3D98910C4D2C01D /* EventDetailsRouter.swift */ = {isa = PBXFileReference; includeInIndex = 1; lastKnownFileType = sourcecode.swift; path = EventDetailsRouter.swift; sourceTree = "<group>"; };
		AB94466CE12112AD442FA5C1 /* GithubEventsModuleInput.swift */ = {isa = PBXFileReference; includeInIndex = 1; lastKnownFileType = sourcecode.swift; path = GithubEventsModuleInput.swift; sourceTree = "<group>"; };
		AE85756FC3C9FB0D83A2953E /* EventDetailsViewOutput.swift */ = {isa = PBXFileReference; includeInIndex = 1; lastKnownFileType = sourcecode.swift; path = EventDetailsViewOutput.swift; sourceTree = "<group>"; };
		B11659F1BA448C25AFF3176A /* Pods_ArchitectureSampleTests.framework */ = {isa = PBXFileReference; explicitFileType = wrapper.framework; includeInIndex = 0; path = Pods_ArchitectureSampleTests.framework; sourceTree = BUILT_PRODUCTS_DIR; };
		B1B33645553A69B73E5D7EEE /* EventDetailsViewInput.swift */ = {isa = PBXFileReference; includeInIndex = 1; lastKnownFileType = sourcecode.swift; path = EventDetailsViewInput.swift; sourceTree = "<group>"; };
		B2B30350C1160289FAA6BCC7 /* GithubEventsConfigurator.swift */ = {isa = PBXFileReference; includeInIndex = 1; lastKnownFileType = sourcecode.swift; path = GithubEventsConfigurator.swift; sourceTree = "<group>"; };
		B2BC4D471F8FB7AC818AC40C /* Pods-ArchitectureSampleTests.debug.xcconfig */ = {isa = PBXFileReference; includeInIndex = 1; lastKnownFileType = text.xcconfig; name = "Pods-ArchitectureSampleTests.debug.xcconfig"; path = "Pods/Target Support Files/Pods-ArchitectureSampleTests/Pods-ArchitectureSampleTests.debug.xcconfig"; sourceTree = "<group>"; };
		B51B55FFD422CF1884AAC280 /* EventDetailsModuleInput.swift */ = {isa = PBXFileReference; includeInIndex = 1; lastKnownFileType = sourcecode.swift; path = EventDetailsModuleInput.swift; sourceTree = "<group>"; };
		B781774D4DD641D7FD56B464 /* Pods-ArchitectureSampleUITests.release.xcconfig */ = {isa = PBXFileReference; includeInIndex = 1; lastKnownFileType = text.xcconfig; name = "Pods-ArchitectureSampleUITests.release.xcconfig"; path = "Pods/Target Support Files/Pods-ArchitectureSampleUITests/Pods-ArchitectureSampleUITests.release.xcconfig"; sourceTree = "<group>"; };
		C7C4A414EB751B92CA11D43A /* GithubEventsViewOutput.swift */ = {isa = PBXFileReference; includeInIndex = 1; lastKnownFileType = sourcecode.swift; path = GithubEventsViewOutput.swift; sourceTree = "<group>"; };
		C841D5E45996424EB6313F4A /* Pods_ArchitectureSampleUITests.framework */ = {isa = PBXFileReference; explicitFileType = wrapper.framework; includeInIndex = 0; path = Pods_ArchitectureSampleUITests.framework; sourceTree = BUILT_PRODUCTS_DIR; };
		D266F2E26D1F0C784F53BF56 /* EventDetailsPresenterTests.swift */ = {isa = PBXFileReference; includeInIndex = 1; lastKnownFileType = sourcecode.swift; path = EventDetailsPresenterTests.swift; sourceTree = "<group>"; };
		E1901DC1016624B00E5CBC22 /* GithubEventsPresenter.swift */ = {isa = PBXFileReference; includeInIndex = 1; lastKnownFileType = sourcecode.swift; path = GithubEventsPresenter.swift; sourceTree = "<group>"; };
		E2C003617775F06E2DFCC5EF /* GithubEventsPresenterTests.swift */ = {isa = PBXFileReference; includeInIndex = 1; lastKnownFileType = sourcecode.swift; path = GithubEventsPresenterTests.swift; sourceTree = "<group>"; };
		EAD6E0F247CD41679FED875F /* EventDetailsConfiguratorTests.swift */ = {isa = PBXFileReference; includeInIndex = 1; lastKnownFileType = sourcecode.swift; path = EventDetailsConfiguratorTests.swift; sourceTree = "<group>"; };
		F2000C084605F08B9D36A795 /* Pods_ArchitectureSample.framework */ = {isa = PBXFileReference; explicitFileType = wrapper.framework; includeInIndex = 0; path = Pods_ArchitectureSample.framework; sourceTree = BUILT_PRODUCTS_DIR; };
		F664BAE005105DF54E9C52F5 /* Pods-ArchitectureSample.release.xcconfig */ = {isa = PBXFileReference; includeInIndex = 1; lastKnownFileType = text.xcconfig; name = "Pods-ArchitectureSample.release.xcconfig"; path = "Pods/Target Support Files/Pods-ArchitectureSample/Pods-ArchitectureSample.release.xcconfig"; sourceTree = "<group>"; };
/* End PBXFileReference section */

/* Begin PBXFrameworksBuildPhase section */
		19731BB11E0066EE0074216F /* Frameworks */ = {
			isa = PBXFrameworksBuildPhase;
			buildActionMask = 2147483647;
			files = (
				5737F57C6E04712BF2B7A3DA /* Pods_ArchitectureSample.framework in Frameworks */,
			);
			runOnlyForDeploymentPostprocessing = 0;
		};
		19731BC51E0066EE0074216F /* Frameworks */ = {
			isa = PBXFrameworksBuildPhase;
			buildActionMask = 2147483647;
			files = (
				7D6F714C9BA50B00E589C9C8 /* Pods_ArchitectureSampleTests.framework in Frameworks */,
			);
			runOnlyForDeploymentPostprocessing = 0;
		};
		19731BD01E0066EE0074216F /* Frameworks */ = {
			isa = PBXFrameworksBuildPhase;
			buildActionMask = 2147483647;
			files = (
				D0FD66240F97C7294344AB3B /* Pods_ArchitectureSampleUITests.framework in Frameworks */,
			);
			runOnlyForDeploymentPostprocessing = 0;
		};
/* End PBXFrameworksBuildPhase section */

/* Begin PBXGroup section */
		020AF8991665376EFE6BB921 /* Interactor */ = {
			isa = PBXGroup;
			children = (
				19D79995FDE29BE669711B59 /* EventDetailsInteractorTests.swift */,
			);
			path = Interactor;
			sourceTree = "<group>";
		};
		12BCB67F776A9AA178A8E705 /* Configurator */ = {
			isa = PBXGroup;
			children = (
				B2B30350C1160289FAA6BCC7 /* GithubEventsConfigurator.swift */,
				705A3536488194A2D234A8C1 /* GithubEventsInitializer.swift */,
			);
			path = Configurator;
			sourceTree = "<group>";
		};
		1448888BD85B05365A437485 /* Classes */ = {
			isa = PBXGroup;
			children = (
				1902A8271E02CA46004EC54D /* Networking */,
				1902A81B1E02A249004EC54D /* Services */,
				DA136B4B2E8D26880A3DFF58 /* Modules */,
			);
			path = Classes;
			sourceTree = "<group>";
		};
		1902A81B1E02A249004EC54D /* Services */ = {
			isa = PBXGroup;
			children = (
				199DBF251E129F63004F72C5 /* GithubService.swift */,
				199DBF211E129EC4004F72C5 /* Models */,
			);
			name = Services;
			path = Modules/GithubEvents/Interactor;
			sourceTree = "<group>";
		};
		1902A8211E02A998004EC54D /* Services */ = {
			isa = PBXGroup;
			children = (
				1902A8251E02A9E6004EC54D /* GithubServiceTests.swift */,
			);
			name = Services;
			sourceTree = "<group>";
		};
		1902A8271E02CA46004EC54D /* Networking */ = {
			isa = PBXGroup;
			children = (
				1902A8281E02D279004EC54D /* GithubApi.swift */,
				1902A82B1E03F35F004EC54D /* JSONTransforms.swift */,
			);
			name = Networking;
			sourceTree = "<group>";
		};
		19731BAB1E0066EE0074216F = {
			isa = PBXGroup;
			children = (
				19731BB61E0066EE0074216F /* ArchitectureSample */,
				19731BCB1E0066EE0074216F /* ArchitectureSampleTests */,
				19731BD61E0066EE0074216F /* ArchitectureSampleUITests */,
				19731BB51E0066EE0074216F /* Products */,
				5CD7CD290326A4930CC98A03 /* Pods */,
				884DDCCCD7626FDD6BAEAE54 /* Frameworks */,
			);
			sourceTree = "<group>";
		};
		19731BB51E0066EE0074216F /* Products */ = {
			isa = PBXGroup;
			children = (
				19731BB41E0066EE0074216F /* ArchitectureSample.app */,
				19731BC81E0066EE0074216F /* ArchitectureSampleTests.xctest */,
				19731BD31E0066EE0074216F /* ArchitectureSampleUITests.xctest */,
			);
			name = Products;
			sourceTree = "<group>";
		};
		19731BB61E0066EE0074216F /* ArchitectureSample */ = {
			isa = PBXGroup;
			children = (
				19731BB71E0066EE0074216F /* AppDelegate.swift */,
				19731BB91E0066EE0074216F /* ViewController.swift */,
				19731BBB1E0066EE0074216F /* Main.storyboard */,
				19731BBE1E0066EE0074216F /* Assets.xcassets */,
				19731BC01E0066EE0074216F /* LaunchScreen.storyboard */,
				19731BC31E0066EE0074216F /* Info.plist */,
				1448888BD85B05365A437485 /* Classes */,
			);
			path = ArchitectureSample;
			sourceTree = "<group>";
		};
		19731BCB1E0066EE0074216F /* ArchitectureSampleTests */ = {
			isa = PBXGroup;
			children = (
				19731BCC1E0066EE0074216F /* ArchitectureSampleTests.swift */,
				19731BCE1E0066EE0074216F /* Info.plist */,
				766BDE8A44CC8C5D10BDDAEA /* Modules */,
			);
			path = ArchitectureSampleTests;
			sourceTree = "<group>";
		};
		19731BD61E0066EE0074216F /* ArchitectureSampleUITests */ = {
			isa = PBXGroup;
			children = (
				19731BD71E0066EE0074216F /* ArchitectureSampleUITests.swift */,
				19731BD91E0066EE0074216F /* Info.plist */,
			);
			path = ArchitectureSampleUITests;
			sourceTree = "<group>";
		};
		199DBF211E129EC4004F72C5 /* Models */ = {
			isa = PBXGroup;
			children = (
				199DBF221E129F14004F72C5 /* GithubEvent.swift */,
			);
			name = Models;
			sourceTree = "<group>";
		};
		20DDBEAD35E5461A12C4935E /* Presenter */ = {
			isa = PBXGroup;
			children = (
				AB94466CE12112AD442FA5C1 /* GithubEventsModuleInput.swift */,
				E1901DC1016624B00E5CBC22 /* GithubEventsPresenter.swift */,
			);
			path = Presenter;
			sourceTree = "<group>";
		};
		41903372916C1210CB736313 /* Interactor */ = {
			isa = PBXGroup;
			children = (
				263C3E0077109789B2D8BA8C /* GithubEventsInteractorInput.swift */,
				2A710F92A71FBC635920E473 /* GithubEventsInteractorOutput.swift */,
				8EFA9744BBFEC5435BC7122D /* GithubEventsInteractor.swift */,
			);
			path = Interactor;
			sourceTree = "<group>";
		};
		46F80C56FB5437B035FBCFE4 /* Router */ = {
			isa = PBXGroup;
			children = (
				75657FBA301FE5546708A4D9 /* EventDetailsRouterTests.swift */,
			);
			path = Router;
			sourceTree = "<group>";
		};
		4CBEF9609E8733D4E8B6D59B /* Router */ = {
			isa = PBXGroup;
			children = (
				7793C94CBE3D96B4BA4BFA3C /* GithubEventsRouterInput.swift */,
				36931CABE687A72DBCDFA3D8 /* GithubEventsRouter.swift */,
			);
			path = Router;
			sourceTree = "<group>";
		};
		52CB0016B2064336AE03F4D0 /* View */ = {
			isa = PBXGroup;
			children = (
				B1B33645553A69B73E5D7EEE /* EventDetailsViewInput.swift */,
				AE85756FC3C9FB0D83A2953E /* EventDetailsViewOutput.swift */,
				86E89C01C2A8B8CC9AF4CCD4 /* EventDetailsViewController.swift */,
			);
			path = View;
			sourceTree = "<group>";
		};
		5591A9BDFDDC161ED0BA60C9 /* Presenter */ = {
			isa = PBXGroup;
			children = (
				D266F2E26D1F0C784F53BF56 /* EventDetailsPresenterTests.swift */,
			);
			path = Presenter;
			sourceTree = "<group>";
		};
		5CB550F01842119D63155A0B /* Interactor */ = {
			isa = PBXGroup;
			children = (
				82E159BAFCAE25005E89DE2D /* EventDetailsInteractorInput.swift */,
				24B5E573C48CB16E97D4644E /* EventDetailsInteractorOutput.swift */,
				0DBEC2CA12565CB7FBAC4494 /* EventDetailsInteractor.swift */,
			);
			path = Interactor;
			sourceTree = "<group>";
		};
		5CD7CD290326A4930CC98A03 /* Pods */ = {
			isa = PBXGroup;
			children = (
				880BB10F3FBC4CF1CC65171D /* Pods-ArchitectureSample.debug.xcconfig */,
				F664BAE005105DF54E9C52F5 /* Pods-ArchitectureSample.release.xcconfig */,
				B2BC4D471F8FB7AC818AC40C /* Pods-ArchitectureSampleTests.debug.xcconfig */,
				791F340310F69C69EBFCF418 /* Pods-ArchitectureSampleTests.release.xcconfig */,
				5CF4202016C608B6447FB5C4 /* Pods-ArchitectureSampleUITests.debug.xcconfig */,
				B781774D4DD641D7FD56B464 /* Pods-ArchitectureSampleUITests.release.xcconfig */,
			);
			name = Pods;
			sourceTree = "<group>";
		};
		5DB7B5D22CC882E9D8BF8EDB /* EventDetails */ = {
			isa = PBXGroup;
			children = (
				52CB0016B2064336AE03F4D0 /* View */,
				8CC33073E5347733582EEA3C /* Presenter */,
				5CB550F01842119D63155A0B /* Interactor */,
				B0732A1EF6BC6A41990C3951 /* Router */,
				DD46F186547793C46E97F070 /* Configurator */,
			);
			path = EventDetails;
			sourceTree = "<group>";
		};
		5E912FC150BB4F76F45E0807 /* Configurator */ = {
			isa = PBXGroup;
			children = (
				EAD6E0F247CD41679FED875F /* EventDetailsConfiguratorTests.swift */,
			);
			path = Configurator;
			sourceTree = "<group>";
		};
		766BDE8A44CC8C5D10BDDAEA /* Modules */ = {
			isa = PBXGroup;
			children = (
				8DA973B1AFF296EA47B1AFE8 /* GithubEvents */,
				D986B6EA570B2B81297AB53F /* EventDetails */,
			);
			path = Modules;
			sourceTree = "<group>";
		};
		84B39118925D7D1903E205F5 /* View */ = {
			isa = PBXGroup;
			children = (
				0F29E9AE3EC7AF14EE96D649 /* GithubEventsViewTests.swift */,
			);
			path = View;
			sourceTree = "<group>";
		};
		884DDCCCD7626FDD6BAEAE54 /* Frameworks */ = {
			isa = PBXGroup;
			children = (
				F2000C084605F08B9D36A795 /* Pods_ArchitectureSample.framework */,
				B11659F1BA448C25AFF3176A /* Pods_ArchitectureSampleTests.framework */,
				C841D5E45996424EB6313F4A /* Pods_ArchitectureSampleUITests.framework */,
			);
			name = Frameworks;
			sourceTree = "<group>";
		};
		8CC33073E5347733582EEA3C /* Presenter */ = {
			isa = PBXGroup;
			children = (
				B51B55FFD422CF1884AAC280 /* EventDetailsModuleInput.swift */,
				21AC87374031D99FB0AFD72E /* EventDetailsPresenter.swift */,
			);
			path = Presenter;
			sourceTree = "<group>";
		};
		8DA973B1AFF296EA47B1AFE8 /* GithubEvents */ = {
			isa = PBXGroup;
			children = (
				A1846B9E161E8B7CE06A8D8A /* Configurator */,
				84B39118925D7D1903E205F5 /* View */,
				D18EEBFF7DE63C8DB11DCE1C /* Interactor */,
				C06F27FC1A1DCFFACDED9E79 /* Presenter */,
				FC387B2AB7EB54D37F6D4C71 /* Router */,
			);
			path = GithubEvents;
			sourceTree = "<group>";
		};
		A1846B9E161E8B7CE06A8D8A /* Configurator */ = {
			isa = PBXGroup;
			children = (
				492A399F4D87B66D888A8F46 /* GithubEventsConfiguratorTests.swift */,
			);
			path = Configurator;
			sourceTree = "<group>";
		};
		B0732A1EF6BC6A41990C3951 /* Router */ = {
			isa = PBXGroup;
			children = (
				91758845D104CB64DDB60295 /* EventDetailsRouterInput.swift */,
				91A77D26F3D98910C4D2C01D /* EventDetailsRouter.swift */,
			);
			path = Router;
			sourceTree = "<group>";
		};
		C06F27FC1A1DCFFACDED9E79 /* Presenter */ = {
			isa = PBXGroup;
			children = (
				E2C003617775F06E2DFCC5EF /* GithubEventsPresenterTests.swift */,
			);
			path = Presenter;
			sourceTree = "<group>";
		};
		D18EEBFF7DE63C8DB11DCE1C /* Interactor */ = {
			isa = PBXGroup;
			children = (
				1902A8211E02A998004EC54D /* Services */,
				3AFE4A2C37EE20E3C0E915DD /* GithubEventsInteractorTests.swift */,
			);
			path = Interactor;
			sourceTree = "<group>";
		};
		D986B6EA570B2B81297AB53F /* EventDetails */ = {
			isa = PBXGroup;
			children = (
				5E912FC150BB4F76F45E0807 /* Configurator */,
				DC501E3152F2C6D8D05D5955 /* View */,
				020AF8991665376EFE6BB921 /* Interactor */,
				5591A9BDFDDC161ED0BA60C9 /* Presenter */,
				46F80C56FB5437B035FBCFE4 /* Router */,
			);
			path = EventDetails;
			sourceTree = "<group>";
		};
		DA136B4B2E8D26880A3DFF58 /* Modules */ = {
			isa = PBXGroup;
			children = (
				F6C5F1E67EC64C03113F8998 /* GithubEvents */,
				5DB7B5D22CC882E9D8BF8EDB /* EventDetails */,
			);
			path = Modules;
			sourceTree = "<group>";
		};
		DA89317DC32200ABC331345D /* View */ = {
			isa = PBXGroup;
			children = (
				83E926B3D69CC505EC99F21D /* GithubEventsViewInput.swift */,
				C7C4A414EB751B92CA11D43A /* GithubEventsViewOutput.swift */,
				87522BBB39006E070F00A379 /* GithubEventsViewController.swift */,
				192E41A51E0FFC99009E57C5 /* GithubEventCell.swift */,
			);
			path = View;
			sourceTree = "<group>";
		};
		DC501E3152F2C6D8D05D5955 /* View */ = {
			isa = PBXGroup;
			children = (
				81CDA6808DEB3C7B40CB73F6 /* EventDetailsViewTests.swift */,
			);
			path = View;
			sourceTree = "<group>";
		};
		DD46F186547793C46E97F070 /* Configurator */ = {
			isa = PBXGroup;
			children = (
				49C1D194A09197FBCBEE14D3 /* EventDetailsConfigurator.swift */,
			);
			path = Configurator;
			sourceTree = "<group>";
		};
		F6C5F1E67EC64C03113F8998 /* GithubEvents */ = {
			isa = PBXGroup;
			children = (
				DA89317DC32200ABC331345D /* View */,
				20DDBEAD35E5461A12C4935E /* Presenter */,
				41903372916C1210CB736313 /* Interactor */,
				4CBEF9609E8733D4E8B6D59B /* Router */,
				12BCB67F776A9AA178A8E705 /* Configurator */,
			);
			path = GithubEvents;
			sourceTree = "<group>";
		};
		FC387B2AB7EB54D37F6D4C71 /* Router */ = {
			isa = PBXGroup;
			children = (
				19D6C736A8F7B0130E0F15D1 /* GithubEventsRouterTests.swift */,
			);
			path = Router;
			sourceTree = "<group>";
		};
/* End PBXGroup section */

/* Begin PBXNativeTarget section */
		19731BB31E0066EE0074216F /* ArchitectureSample */ = {
			isa = PBXNativeTarget;
			buildConfigurationList = 19731BDC1E0066EE0074216F /* Build configuration list for PBXNativeTarget "ArchitectureSample" */;
			buildPhases = (
				39A85CBC553BFD8F5FD836E1 /* [CP] Check Pods Manifest.lock */,
				19731BB01E0066EE0074216F /* Sources */,
				19731BB11E0066EE0074216F /* Frameworks */,
				19731BB21E0066EE0074216F /* Resources */,
				AADE27693D77119182401EA1 /* [CP] Embed Pods Frameworks */,
				28973B361D9D40353C7EE8EE /* [CP] Copy Pods Resources */,
				19A03DA81E1BD5BC00029890 /* ShellScript */,
			);
			buildRules = (
			);
			dependencies = (
			);
			name = ArchitectureSample;
			productName = ArchitectureSample;
			productReference = 19731BB41E0066EE0074216F /* ArchitectureSample.app */;
			productType = "com.apple.product-type.application";
		};
		19731BC71E0066EE0074216F /* ArchitectureSampleTests */ = {
			isa = PBXNativeTarget;
			buildConfigurationList = 19731BDF1E0066EE0074216F /* Build configuration list for PBXNativeTarget "ArchitectureSampleTests" */;
			buildPhases = (
				8A6C8C6A85E508E7924527DA /* [CP] Check Pods Manifest.lock */,
				19731BC41E0066EE0074216F /* Sources */,
				19731BC51E0066EE0074216F /* Frameworks */,
				19731BC61E0066EE0074216F /* Resources */,
				037689C65261C502B8718DEA /* [CP] Embed Pods Frameworks */,
				F4D9B89BA448F92301B092B4 /* [CP] Copy Pods Resources */,
			);
			buildRules = (
			);
			dependencies = (
				19731BCA1E0066EE0074216F /* PBXTargetDependency */,
			);
			name = ArchitectureSampleTests;
			productName = ArchitectureSampleTests;
			productReference = 19731BC81E0066EE0074216F /* ArchitectureSampleTests.xctest */;
			productType = "com.apple.product-type.bundle.unit-test";
		};
		19731BD21E0066EE0074216F /* ArchitectureSampleUITests */ = {
			isa = PBXNativeTarget;
			buildConfigurationList = 19731BE21E0066EE0074216F /* Build configuration list for PBXNativeTarget "ArchitectureSampleUITests" */;
			buildPhases = (
				5F3BFABDE355BDAAE94288B5 /* [CP] Check Pods Manifest.lock */,
				19731BCF1E0066EE0074216F /* Sources */,
				19731BD01E0066EE0074216F /* Frameworks */,
				19731BD11E0066EE0074216F /* Resources */,
				CFF7A893191048BAD56754E1 /* [CP] Embed Pods Frameworks */,
				B8DA73F2F10E7466C5654AF4 /* [CP] Copy Pods Resources */,
			);
			buildRules = (
			);
			dependencies = (
				19731BD51E0066EE0074216F /* PBXTargetDependency */,
			);
			name = ArchitectureSampleUITests;
			productName = ArchitectureSampleUITests;
			productReference = 19731BD31E0066EE0074216F /* ArchitectureSampleUITests.xctest */;
			productType = "com.apple.product-type.bundle.ui-testing";
		};
/* End PBXNativeTarget section */

/* Begin PBXProject section */
		19731BAC1E0066EE0074216F /* Project object */ = {
			isa = PBXProject;
			attributes = {
				LastSwiftUpdateCheck = 0810;
				LastUpgradeCheck = 0810;
				ORGANIZATIONNAME = "Manas Chaudhari";
				TargetAttributes = {
					19731BB31E0066EE0074216F = {
						CreatedOnToolsVersion = 8.1;
						ProvisioningStyle = Automatic;
					};
					19731BC71E0066EE0074216F = {
						CreatedOnToolsVersion = 8.1;
						ProvisioningStyle = Automatic;
						TestTargetID = 19731BB31E0066EE0074216F;
					};
					19731BD21E0066EE0074216F = {
						CreatedOnToolsVersion = 8.1;
						ProvisioningStyle = Automatic;
						TestTargetID = 19731BB31E0066EE0074216F;
					};
				};
			};
			buildConfigurationList = 19731BAF1E0066EE0074216F /* Build configuration list for PBXProject "ArchitectureSample" */;
			compatibilityVersion = "Xcode 3.2";
			developmentRegion = English;
			hasScannedForEncodings = 0;
			knownRegions = (
				en,
				Base,
			);
			mainGroup = 19731BAB1E0066EE0074216F;
			productRefGroup = 19731BB51E0066EE0074216F /* Products */;
			projectDirPath = "";
			projectRoot = "";
			targets = (
				19731BB31E0066EE0074216F /* ArchitectureSample */,
				19731BC71E0066EE0074216F /* ArchitectureSampleTests */,
				19731BD21E0066EE0074216F /* ArchitectureSampleUITests */,
			);
		};
/* End PBXProject section */

/* Begin PBXResourcesBuildPhase section */
		19731BB21E0066EE0074216F /* Resources */ = {
			isa = PBXResourcesBuildPhase;
			buildActionMask = 2147483647;
			files = (
				19731BC21E0066EE0074216F /* LaunchScreen.storyboard in Resources */,
				19731BBF1E0066EE0074216F /* Assets.xcassets in Resources */,
				19731BBD1E0066EE0074216F /* Main.storyboard in Resources */,
			);
			runOnlyForDeploymentPostprocessing = 0;
		};
		19731BC61E0066EE0074216F /* Resources */ = {
			isa = PBXResourcesBuildPhase;
			buildActionMask = 2147483647;
			files = (
			);
			runOnlyForDeploymentPostprocessing = 0;
		};
		19731BD11E0066EE0074216F /* Resources */ = {
			isa = PBXResourcesBuildPhase;
			buildActionMask = 2147483647;
			files = (
			);
			runOnlyForDeploymentPostprocessing = 0;
		};
/* End PBXResourcesBuildPhase section */

/* Begin PBXShellScriptBuildPhase section */
		037689C65261C502B8718DEA /* [CP] Embed Pods Frameworks */ = {
			isa = PBXShellScriptBuildPhase;
			buildActionMask = 2147483647;
			files = (
			);
			inputPaths = (
			);
			name = "[CP] Embed Pods Frameworks";
			outputPaths = (
			);
			runOnlyForDeploymentPostprocessing = 0;
			shellPath = /bin/sh;
			shellScript = "\"${SRCROOT}/Pods/Target Support Files/Pods-ArchitectureSampleTests/Pods-ArchitectureSampleTests-frameworks.sh\"\n";
			showEnvVarsInLog = 0;
		};
		19A03DA81E1BD5BC00029890 /* ShellScript */ = {
			isa = PBXShellScriptBuildPhase;
			buildActionMask = 2147483647;
			files = (
			);
			inputPaths = (
			);
			outputPaths = (
			);
			runOnlyForDeploymentPostprocessing = 0;
			shellPath = /bin/sh;
			shellScript = "if which swiftlint >/dev/null; then\n  swiftlint\nelse\n  echo \"warning: SwiftLint not installed, download from https://github.com/realm/SwiftLint\"\nfi";
		};
		28973B361D9D40353C7EE8EE /* [CP] Copy Pods Resources */ = {
			isa = PBXShellScriptBuildPhase;
			buildActionMask = 2147483647;
			files = (
			);
			inputPaths = (
			);
			name = "[CP] Copy Pods Resources";
			outputPaths = (
			);
			runOnlyForDeploymentPostprocessing = 0;
			shellPath = /bin/sh;
			shellScript = "\"${SRCROOT}/Pods/Target Support Files/Pods-ArchitectureSample/Pods-ArchitectureSample-resources.sh\"\n";
			showEnvVarsInLog = 0;
		};
		39A85CBC553BFD8F5FD836E1 /* [CP] Check Pods Manifest.lock */ = {
			isa = PBXShellScriptBuildPhase;
			buildActionMask = 2147483647;
			files = (
			);
			inputPaths = (
			);
			name = "[CP] Check Pods Manifest.lock";
			outputPaths = (
			);
			runOnlyForDeploymentPostprocessing = 0;
			shellPath = /bin/sh;
			shellScript = "diff \"${PODS_ROOT}/../Podfile.lock\" \"${PODS_ROOT}/Manifest.lock\" > /dev/null\nif [ $? != 0 ] ; then\n    # print error to STDERR\n    echo \"error: The sandbox is not in sync with the Podfile.lock. Run 'pod install' or update your CocoaPods installation.\" >&2\n    exit 1\nfi\n";
			showEnvVarsInLog = 0;
		};
		5F3BFABDE355BDAAE94288B5 /* [CP] Check Pods Manifest.lock */ = {
			isa = PBXShellScriptBuildPhase;
			buildActionMask = 2147483647;
			files = (
			);
			inputPaths = (
			);
			name = "[CP] Check Pods Manifest.lock";
			outputPaths = (
			);
			runOnlyForDeploymentPostprocessing = 0;
			shellPath = /bin/sh;
			shellScript = "diff \"${PODS_ROOT}/../Podfile.lock\" \"${PODS_ROOT}/Manifest.lock\" > /dev/null\nif [ $? != 0 ] ; then\n    # print error to STDERR\n    echo \"error: The sandbox is not in sync with the Podfile.lock. Run 'pod install' or update your CocoaPods installation.\" >&2\n    exit 1\nfi\n";
			showEnvVarsInLog = 0;
		};
		8A6C8C6A85E508E7924527DA /* [CP] Check Pods Manifest.lock */ = {
			isa = PBXShellScriptBuildPhase;
			buildActionMask = 2147483647;
			files = (
			);
			inputPaths = (
			);
			name = "[CP] Check Pods Manifest.lock";
			outputPaths = (
			);
			runOnlyForDeploymentPostprocessing = 0;
			shellPath = /bin/sh;
			shellScript = "diff \"${PODS_ROOT}/../Podfile.lock\" \"${PODS_ROOT}/Manifest.lock\" > /dev/null\nif [ $? != 0 ] ; then\n    # print error to STDERR\n    echo \"error: The sandbox is not in sync with the Podfile.lock. Run 'pod install' or update your CocoaPods installation.\" >&2\n    exit 1\nfi\n";
			showEnvVarsInLog = 0;
		};
		AADE27693D77119182401EA1 /* [CP] Embed Pods Frameworks */ = {
			isa = PBXShellScriptBuildPhase;
			buildActionMask = 2147483647;
			files = (
			);
			inputPaths = (
			);
			name = "[CP] Embed Pods Frameworks";
			outputPaths = (
			);
			runOnlyForDeploymentPostprocessing = 0;
			shellPath = /bin/sh;
			shellScript = "\"${SRCROOT}/Pods/Target Support Files/Pods-ArchitectureSample/Pods-ArchitectureSample-frameworks.sh\"\n";
			showEnvVarsInLog = 0;
		};
		B8DA73F2F10E7466C5654AF4 /* [CP] Copy Pods Resources */ = {
			isa = PBXShellScriptBuildPhase;
			buildActionMask = 2147483647;
			files = (
			);
			inputPaths = (
			);
			name = "[CP] Copy Pods Resources";
			outputPaths = (
			);
			runOnlyForDeploymentPostprocessing = 0;
			shellPath = /bin/sh;
			shellScript = "\"${SRCROOT}/Pods/Target Support Files/Pods-ArchitectureSampleUITests/Pods-ArchitectureSampleUITests-resources.sh\"\n";
			showEnvVarsInLog = 0;
		};
		CFF7A893191048BAD56754E1 /* [CP] Embed Pods Frameworks */ = {
			isa = PBXShellScriptBuildPhase;
			buildActionMask = 2147483647;
			files = (
			);
			inputPaths = (
			);
			name = "[CP] Embed Pods Frameworks";
			outputPaths = (
			);
			runOnlyForDeploymentPostprocessing = 0;
			shellPath = /bin/sh;
			shellScript = "\"${SRCROOT}/Pods/Target Support Files/Pods-ArchitectureSampleUITests/Pods-ArchitectureSampleUITests-frameworks.sh\"\n";
			showEnvVarsInLog = 0;
		};
		F4D9B89BA448F92301B092B4 /* [CP] Copy Pods Resources */ = {
			isa = PBXShellScriptBuildPhase;
			buildActionMask = 2147483647;
			files = (
			);
			inputPaths = (
			);
			name = "[CP] Copy Pods Resources";
			outputPaths = (
			);
			runOnlyForDeploymentPostprocessing = 0;
			shellPath = /bin/sh;
			shellScript = "\"${SRCROOT}/Pods/Target Support Files/Pods-ArchitectureSampleTests/Pods-ArchitectureSampleTests-resources.sh\"\n";
			showEnvVarsInLog = 0;
		};
/* End PBXShellScriptBuildPhase section */

/* Begin PBXSourcesBuildPhase section */
		19731BB01E0066EE0074216F /* Sources */ = {
			isa = PBXSourcesBuildPhase;
			buildActionMask = 2147483647;
			files = (
				199DBF261E129F63004F72C5 /* GithubService.swift in Sources */,
				1902A82C1E03F35F004EC54D /* JSONTransforms.swift in Sources */,
				19731BBA1E0066EE0074216F /* ViewController.swift in Sources */,
				19731BB81E0066EE0074216F /* AppDelegate.swift in Sources */,
				199DBF231E129F14004F72C5 /* GithubEvent.swift in Sources */,
				390D295BDB89AD2F3E2890D3 /* GithubEventsViewInput.swift in Sources */,
				8DA0CB2A31C00AE7B764C045 /* GithubEventsViewOutput.swift in Sources */,
				192E41A61E0FFC99009E57C5 /* GithubEventCell.swift in Sources */,
				235674D35386BE7A515FCE5D /* GithubEventsViewController.swift in Sources */,
				A2DCAB5B13B572B423532B6D /* GithubEventsModuleInput.swift in Sources */,
				BB2F64C86D755E739D72A5AD /* GithubEventsPresenter.swift in Sources */,
				1902A8291E02D279004EC54D /* GithubApi.swift in Sources */,
				DDE813E741AA63212AA5E77B /* GithubEventsInteractorInput.swift in Sources */,
				55E1B83E282F4E46A6CC777B /* GithubEventsInteractorOutput.swift in Sources */,
				2519C2156C1CF4545A25C7E0 /* GithubEventsInteractor.swift in Sources */,
				3B444FA271FC180CBDD11F20 /* GithubEventsRouterInput.swift in Sources */,
				6A1E70EB95ACA593ED05B3ED /* GithubEventsRouter.swift in Sources */,
				E2653D841392BD51CFE61AA0 /* GithubEventsConfigurator.swift in Sources */,
				677E32FDB5659ACFDE643BBC /* GithubEventsInitializer.swift in Sources */,
				E5AA37C1AA128552F5A98E22 /* EventDetailsViewInput.swift in Sources */,
				AFB0FE22BD2A0D93C68ECBE0 /* EventDetailsViewOutput.swift in Sources */,
				323599678AFCCA4B37EE8F57 /* EventDetailsViewController.swift in Sources */,
				C26B47A56D621479D84FB893 /* EventDetailsModuleInput.swift in Sources */,
				23FCE82347C01E348E9A2D7A /* EventDetailsPresenter.swift in Sources */,
				0F9493879EB70F8F515A371D /* EventDetailsInteractorInput.swift in Sources */,
				20B1CA8D52EF867319ED4255 /* EventDetailsInteractorOutput.swift in Sources */,
				4703731A32934198583ABC13 /* EventDetailsInteractor.swift in Sources */,
				7391712F8572BB7C701C8D8A /* EventDetailsRouterInput.swift in Sources */,
				D5FD6EDDF73C62B393D16BA1 /* EventDetailsRouter.swift in Sources */,
				43BEAFF78F5F7BA1859EFFB2 /* EventDetailsConfigurator.swift in Sources */,
			);
			runOnlyForDeploymentPostprocessing = 0;
		};
		19731BC41E0066EE0074216F /* Sources */ = {
			isa = PBXSourcesBuildPhase;
			buildActionMask = 2147483647;
			files = (
				19731BCD1E0066EE0074216F /* ArchitectureSampleTests.swift in Sources */,
				1902A8261E02A9E6004EC54D /* GithubServiceTests.swift in Sources */,
				92B6D496F8BC8E73DB98C79A /* GithubEventsConfiguratorTests.swift in Sources */,
				BFFA69F8BFE9D52B59C3EAA3 /* GithubEventsViewTests.swift in Sources */,
				1A1FC00D3EB871F5D4328904 /* GithubEventsInteractorTests.swift in Sources */,
				9BCDA1CBF6A322E108F35F57 /* GithubEventsPresenterTests.swift in Sources */,
				8E4376ACBD43C1270711D62B /* GithubEventsRouterTests.swift in Sources */,
				318BCDF3F63B0FCBD24EAD71 /* EventDetailsConfiguratorTests.swift in Sources */,
				E4B300F228296AE179FD70A0 /* EventDetailsViewTests.swift in Sources */,
				D253A973BD19DCD073201467 /* EventDetailsInteractorTests.swift in Sources */,
				8EF65BC036BAA07D87E54B13 /* EventDetailsPresenterTests.swift in Sources */,
				B41E60B5CF4758DA78BB9389 /* EventDetailsRouterTests.swift in Sources */,
			);
			runOnlyForDeploymentPostprocessing = 0;
		};
		19731BCF1E0066EE0074216F /* Sources */ = {
			isa = PBXSourcesBuildPhase;
			buildActionMask = 2147483647;
			files = (
				19731BD81E0066EE0074216F /* ArchitectureSampleUITests.swift in Sources */,
			);
			runOnlyForDeploymentPostprocessing = 0;
		};
/* End PBXSourcesBuildPhase section */

/* Begin PBXTargetDependency section */
		19731BCA1E0066EE0074216F /* PBXTargetDependency */ = {
			isa = PBXTargetDependency;
			target = 19731BB31E0066EE0074216F /* ArchitectureSample */;
			targetProxy = 19731BC91E0066EE0074216F /* PBXContainerItemProxy */;
		};
		19731BD51E0066EE0074216F /* PBXTargetDependency */ = {
			isa = PBXTargetDependency;
			target = 19731BB31E0066EE0074216F /* ArchitectureSample */;
			targetProxy = 19731BD41E0066EE0074216F /* PBXContainerItemProxy */;
		};
/* End PBXTargetDependency section */

/* Begin PBXVariantGroup section */
		19731BBB1E0066EE0074216F /* Main.storyboard */ = {
			isa = PBXVariantGroup;
			children = (
				19731BBC1E0066EE0074216F /* Base */,
			);
			name = Main.storyboard;
			sourceTree = "<group>";
		};
		19731BC01E0066EE0074216F /* LaunchScreen.storyboard */ = {
			isa = PBXVariantGroup;
			children = (
				19731BC11E0066EE0074216F /* Base */,
			);
			name = LaunchScreen.storyboard;
			sourceTree = "<group>";
		};
/* End PBXVariantGroup section */

/* Begin XCBuildConfiguration section */
		19731BDA1E0066EE0074216F /* Debug */ = {
			isa = XCBuildConfiguration;
			buildSettings = {
				ALWAYS_SEARCH_USER_PATHS = NO;
				CLANG_ANALYZER_NONNULL = YES;
				CLANG_CXX_LANGUAGE_STANDARD = "gnu++0x";
				CLANG_CXX_LIBRARY = "libc++";
				CLANG_ENABLE_MODULES = YES;
				CLANG_ENABLE_OBJC_ARC = YES;
				CLANG_WARN_BOOL_CONVERSION = YES;
				CLANG_WARN_CONSTANT_CONVERSION = YES;
				CLANG_WARN_DIRECT_OBJC_ISA_USAGE = YES_ERROR;
				CLANG_WARN_DOCUMENTATION_COMMENTS = YES;
				CLANG_WARN_EMPTY_BODY = YES;
				CLANG_WARN_ENUM_CONVERSION = YES;
				CLANG_WARN_INFINITE_RECURSION = YES;
				CLANG_WARN_INT_CONVERSION = YES;
				CLANG_WARN_OBJC_ROOT_CLASS = YES_ERROR;
				CLANG_WARN_SUSPICIOUS_MOVES = YES;
				CLANG_WARN_UNREACHABLE_CODE = YES;
				CLANG_WARN__DUPLICATE_METHOD_MATCH = YES;
				"CODE_SIGN_IDENTITY[sdk=iphoneos*]" = "iPhone Developer";
				COPY_PHASE_STRIP = NO;
				DEBUG_INFORMATION_FORMAT = dwarf;
				ENABLE_STRICT_OBJC_MSGSEND = YES;
				ENABLE_TESTABILITY = YES;
				GCC_C_LANGUAGE_STANDARD = gnu99;
				GCC_DYNAMIC_NO_PIC = NO;
				GCC_NO_COMMON_BLOCKS = YES;
				GCC_OPTIMIZATION_LEVEL = 0;
				GCC_PREPROCESSOR_DEFINITIONS = (
					"DEBUG=1",
					"$(inherited)",
				);
				GCC_WARN_64_TO_32_BIT_CONVERSION = YES;
				GCC_WARN_ABOUT_RETURN_TYPE = YES_ERROR;
				GCC_WARN_UNDECLARED_SELECTOR = YES;
				GCC_WARN_UNINITIALIZED_AUTOS = YES_AGGRESSIVE;
				GCC_WARN_UNUSED_FUNCTION = YES;
				GCC_WARN_UNUSED_VARIABLE = YES;
				IPHONEOS_DEPLOYMENT_TARGET = 10.1;
				MTL_ENABLE_DEBUG_INFO = YES;
				ONLY_ACTIVE_ARCH = YES;
				SDKROOT = iphoneos;
				SWIFT_ACTIVE_COMPILATION_CONDITIONS = DEBUG;
				SWIFT_OPTIMIZATION_LEVEL = "-Onone";
			};
			name = Debug;
		};
		19731BDB1E0066EE0074216F /* Release */ = {
			isa = XCBuildConfiguration;
			buildSettings = {
				ALWAYS_SEARCH_USER_PATHS = NO;
				CLANG_ANALYZER_NONNULL = YES;
				CLANG_CXX_LANGUAGE_STANDARD = "gnu++0x";
				CLANG_CXX_LIBRARY = "libc++";
				CLANG_ENABLE_MODULES = YES;
				CLANG_ENABLE_OBJC_ARC = YES;
				CLANG_WARN_BOOL_CONVERSION = YES;
				CLANG_WARN_CONSTANT_CONVERSION = YES;
				CLANG_WARN_DIRECT_OBJC_ISA_USAGE = YES_ERROR;
				CLANG_WARN_DOCUMENTATION_COMMENTS = YES;
				CLANG_WARN_EMPTY_BODY = YES;
				CLANG_WARN_ENUM_CONVERSION = YES;
				CLANG_WARN_INFINITE_RECURSION = YES;
				CLANG_WARN_INT_CONVERSION = YES;
				CLANG_WARN_OBJC_ROOT_CLASS = YES_ERROR;
				CLANG_WARN_SUSPICIOUS_MOVES = YES;
				CLANG_WARN_UNREACHABLE_CODE = YES;
				CLANG_WARN__DUPLICATE_METHOD_MATCH = YES;
				"CODE_SIGN_IDENTITY[sdk=iphoneos*]" = "iPhone Developer";
				COPY_PHASE_STRIP = NO;
				DEBUG_INFORMATION_FORMAT = "dwarf-with-dsym";
				ENABLE_NS_ASSERTIONS = NO;
				ENABLE_STRICT_OBJC_MSGSEND = YES;
				GCC_C_LANGUAGE_STANDARD = gnu99;
				GCC_NO_COMMON_BLOCKS = YES;
				GCC_WARN_64_TO_32_BIT_CONVERSION = YES;
				GCC_WARN_ABOUT_RETURN_TYPE = YES_ERROR;
				GCC_WARN_UNDECLARED_SELECTOR = YES;
				GCC_WARN_UNINITIALIZED_AUTOS = YES_AGGRESSIVE;
				GCC_WARN_UNUSED_FUNCTION = YES;
				GCC_WARN_UNUSED_VARIABLE = YES;
				IPHONEOS_DEPLOYMENT_TARGET = 10.1;
				MTL_ENABLE_DEBUG_INFO = NO;
				SDKROOT = iphoneos;
				SWIFT_OPTIMIZATION_LEVEL = "-Owholemodule";
				VALIDATE_PRODUCT = YES;
			};
			name = Release;
		};
		19731BDD1E0066EE0074216F /* Debug */ = {
			isa = XCBuildConfiguration;
			baseConfigurationReference = 880BB10F3FBC4CF1CC65171D /* Pods-ArchitectureSample.debug.xcconfig */;
			buildSettings = {
				ASSETCATALOG_COMPILER_APPICON_NAME = AppIcon;
				INFOPLIST_FILE = ArchitectureSample/Info.plist;
				LD_RUNPATH_SEARCH_PATHS = "$(inherited) @executable_path/Frameworks";
				PRODUCT_BUNDLE_IDENTIFIER = com.manaschaudhari.ArchitectureSample;
				PRODUCT_NAME = "$(TARGET_NAME)";
				SWIFT_VERSION = 3.0;
			};
			name = Debug;
		};
		19731BDE1E0066EE0074216F /* Release */ = {
			isa = XCBuildConfiguration;
			baseConfigurationReference = F664BAE005105DF54E9C52F5 /* Pods-ArchitectureSample.release.xcconfig */;
			buildSettings = {
				ASSETCATALOG_COMPILER_APPICON_NAME = AppIcon;
				INFOPLIST_FILE = ArchitectureSample/Info.plist;
				LD_RUNPATH_SEARCH_PATHS = "$(inherited) @executable_path/Frameworks";
				PRODUCT_BUNDLE_IDENTIFIER = com.manaschaudhari.ArchitectureSample;
				PRODUCT_NAME = "$(TARGET_NAME)";
				SWIFT_VERSION = 3.0;
			};
			name = Release;
		};
		19731BE01E0066EE0074216F /* Debug */ = {
			isa = XCBuildConfiguration;
			baseConfigurationReference = B2BC4D471F8FB7AC818AC40C /* Pods-ArchitectureSampleTests.debug.xcconfig */;
			buildSettings = {
				ALWAYS_EMBED_SWIFT_STANDARD_LIBRARIES = YES;
				BUNDLE_LOADER = "$(TEST_HOST)";
				INFOPLIST_FILE = ArchitectureSampleTests/Info.plist;
				LD_RUNPATH_SEARCH_PATHS = "$(inherited) @executable_path/Frameworks @loader_path/Frameworks";
				PRODUCT_BUNDLE_IDENTIFIER = com.manaschaudhari.ArchitectureSampleTests;
				PRODUCT_NAME = "$(TARGET_NAME)";
				SWIFT_VERSION = 3.0;
				TEST_HOST = "$(BUILT_PRODUCTS_DIR)/ArchitectureSample.app/ArchitectureSample";
			};
			name = Debug;
		};
		19731BE11E0066EE0074216F /* Release */ = {
			isa = XCBuildConfiguration;
			baseConfigurationReference = 791F340310F69C69EBFCF418 /* Pods-ArchitectureSampleTests.release.xcconfig */;
			buildSettings = {
				ALWAYS_EMBED_SWIFT_STANDARD_LIBRARIES = YES;
				BUNDLE_LOADER = "$(TEST_HOST)";
				INFOPLIST_FILE = ArchitectureSampleTests/Info.plist;
				LD_RUNPATH_SEARCH_PATHS = "$(inherited) @executable_path/Frameworks @loader_path/Frameworks";
				PRODUCT_BUNDLE_IDENTIFIER = com.manaschaudhari.ArchitectureSampleTests;
				PRODUCT_NAME = "$(TARGET_NAME)";
				SWIFT_VERSION = 3.0;
				TEST_HOST = "$(BUILT_PRODUCTS_DIR)/ArchitectureSample.app/ArchitectureSample";
			};
			name = Release;
		};
		19731BE31E0066EE0074216F /* Debug */ = {
			isa = XCBuildConfiguration;
			baseConfigurationReference = 5CF4202016C608B6447FB5C4 /* Pods-ArchitectureSampleUITests.debug.xcconfig */;
			buildSettings = {
				ALWAYS_EMBED_SWIFT_STANDARD_LIBRARIES = YES;
				INFOPLIST_FILE = ArchitectureSampleUITests/Info.plist;
				LD_RUNPATH_SEARCH_PATHS = "$(inherited) @executable_path/Frameworks @loader_path/Frameworks";
				PRODUCT_BUNDLE_IDENTIFIER = com.manaschaudhari.ArchitectureSampleUITests;
				PRODUCT_NAME = "$(TARGET_NAME)";
				SWIFT_VERSION = 3.0;
				TEST_TARGET_NAME = ArchitectureSample;
			};
			name = Debug;
		};
		19731BE41E0066EE0074216F /* Release */ = {
			isa = XCBuildConfiguration;
			baseConfigurationReference = B781774D4DD641D7FD56B464 /* Pods-ArchitectureSampleUITests.release.xcconfig */;
			buildSettings = {
				ALWAYS_EMBED_SWIFT_STANDARD_LIBRARIES = YES;
				INFOPLIST_FILE = ArchitectureSampleUITests/Info.plist;
				LD_RUNPATH_SEARCH_PATHS = "$(inherited) @executable_path/Frameworks @loader_path/Frameworks";
				PRODUCT_BUNDLE_IDENTIFIER = com.manaschaudhari.ArchitectureSampleUITests;
				PRODUCT_NAME = "$(TARGET_NAME)";
				SWIFT_VERSION = 3.0;
				TEST_TARGET_NAME = ArchitectureSample;
			};
			name = Release;
		};
/* End XCBuildConfiguration section */

/* Begin XCConfigurationList section */
		19731BAF1E0066EE0074216F /* Build configuration list for PBXProject "ArchitectureSample" */ = {
			isa = XCConfigurationList;
			buildConfigurations = (
				19731BDA1E0066EE0074216F /* Debug */,
				19731BDB1E0066EE0074216F /* Release */,
			);
			defaultConfigurationIsVisible = 0;
			defaultConfigurationName = Release;
		};
		19731BDC1E0066EE0074216F /* Build configuration list for PBXNativeTarget "ArchitectureSample" */ = {
			isa = XCConfigurationList;
			buildConfigurations = (
				19731BDD1E0066EE0074216F /* Debug */,
				19731BDE1E0066EE0074216F /* Release */,
			);
			defaultConfigurationIsVisible = 0;
			defaultConfigurationName = Release;
		};
		19731BDF1E0066EE0074216F /* Build configuration list for PBXNativeTarget "ArchitectureSampleTests" */ = {
			isa = XCConfigurationList;
			buildConfigurations = (
				19731BE01E0066EE0074216F /* Debug */,
				19731BE11E0066EE0074216F /* Release */,
			);
			defaultConfigurationIsVisible = 0;
			defaultConfigurationName = Release;
		};
		19731BE21E0066EE0074216F /* Build configuration list for PBXNativeTarget "ArchitectureSampleUITests" */ = {
			isa = XCConfigurationList;
			buildConfigurations = (
				19731BE31E0066EE0074216F /* Debug */,
				19731BE41E0066EE0074216F /* Release */,
			);
			defaultConfigurationIsVisible = 0;
			defaultConfigurationName = Release;
		};
/* End XCConfigurationList section */
	};
	rootObject = 19731BAC1E0066EE0074216F /* Project object */;
}
